// !$*UTF8*$!
{
	archiveVersion = 1;
	classes = {
	};
	objectVersion = 46;
	objects = {

/* Begin PBXBuildFile section */
		713F45FD15F2445E00D583D1 /* RTUtil.m in Sources */ = {isa = PBXBuildFile; fileRef = 713F45FC15F2445E00D583D1 /* RTUtil.m */; };
		713F460115F3171D00D583D1 /* RTDurationPicker.m in Sources */ = {isa = PBXBuildFile; fileRef = 713F460015F3171D00D583D1 /* RTDurationPicker.m */; };
		715E70BF15E3033F00E554B1 /* UIKit.framework in Frameworks */ = {isa = PBXBuildFile; fileRef = 715E70BE15E3033F00E554B1 /* UIKit.framework */; };
		715E70C115E3033F00E554B1 /* Foundation.framework in Frameworks */ = {isa = PBXBuildFile; fileRef = 715E70C015E3033F00E554B1 /* Foundation.framework */; };
		715E70C315E3033F00E554B1 /* CoreGraphics.framework in Frameworks */ = {isa = PBXBuildFile; fileRef = 715E70C215E3033F00E554B1 /* CoreGraphics.framework */; };
		715E70C915E3034000E554B1 /* InfoPlist.strings in Resources */ = {isa = PBXBuildFile; fileRef = 715E70C715E3034000E554B1 /* InfoPlist.strings */; };
		715E70CB15E3034000E554B1 /* main.m in Sources */ = {isa = PBXBuildFile; fileRef = 715E70CA15E3034000E554B1 /* main.m */; };
		715E70D215E3034000E554B1 /* MainStoryboard_iPhone.storyboard in Resources */ = {isa = PBXBuildFile; fileRef = 715E70D015E3034000E554B1 /* MainStoryboard_iPhone.storyboard */; };
		715E70D515E3034000E554B1 /* MainStoryboard_iPad.storyboard in Resources */ = {isa = PBXBuildFile; fileRef = 715E70D315E3034000E554B1 /* MainStoryboard_iPad.storyboard */; };
		715E70DA15E3034000E554B1 /* first.png in Resources */ = {isa = PBXBuildFile; fileRef = 715E70D915E3034000E554B1 /* first.png */; };
		715E70DC15E3034000E554B1 /* first@2x.png in Resources */ = {isa = PBXBuildFile; fileRef = 715E70DB15E3034000E554B1 /* first@2x.png */; };
		715E70DF15E3034000E554B1 /* RTSecondViewController.m in Sources */ = {isa = PBXBuildFile; fileRef = 715E70DE15E3034000E554B1 /* RTSecondViewController.m */; };
		715E70E115E3034000E554B1 /* second.png in Resources */ = {isa = PBXBuildFile; fileRef = 715E70E015E3034000E554B1 /* second.png */; };
		715E70E315E3034000E554B1 /* second@2x.png in Resources */ = {isa = PBXBuildFile; fileRef = 715E70E215E3034000E554B1 /* second@2x.png */; };
		715E710015E3041100E554B1 /* RTCoreDataAgent.m in Sources */ = {isa = PBXBuildFile; fileRef = 715E70FF15E3041100E554B1 /* RTCoreDataAgent.m */; };
		715E710C15E304DF00E554B1 /* RTAppDelegate.m in Sources */ = {isa = PBXBuildFile; fileRef = 715E710B15E304DF00E554B1 /* RTAppDelegate.m */; };
		715E710F15E3052B00E554B1 /* TKECoreDataAgent.m in Sources */ = {isa = PBXBuildFile; fileRef = 715E710E15E3052B00E554B1 /* TKECoreDataAgent.m */; };
		715E711815E305B900E554B1 /* _AppSettings.m in Sources */ = {isa = PBXBuildFile; fileRef = 715E711115E305B900E554B1 /* _AppSettings.m */; };
		715E711915E305B900E554B1 /* _Leg.m in Sources */ = {isa = PBXBuildFile; fileRef = 715E711315E305B900E554B1 /* _Leg.m */; };
		715E711A15E305B900E554B1 /* _Runner.m in Sources */ = {isa = PBXBuildFile; fileRef = 715E711515E305B900E554B1 /* _Runner.m */; };
		715E711B15E305B900E554B1 /* _Van.m in Sources */ = {isa = PBXBuildFile; fileRef = 715E711715E305B900E554B1 /* _Van.m */; };
		715E712415E3061100E554B1 /* AppSettings.m in Sources */ = {isa = PBXBuildFile; fileRef = 715E711D15E3061100E554B1 /* AppSettings.m */; };
		715E712515E3061100E554B1 /* Leg.m in Sources */ = {isa = PBXBuildFile; fileRef = 715E711F15E3061100E554B1 /* Leg.m */; };
		715E712615E3061100E554B1 /* Runner.m in Sources */ = {isa = PBXBuildFile; fileRef = 715E712115E3061100E554B1 /* Runner.m */; };
		715E712715E3061100E554B1 /* Van.m in Sources */ = {isa = PBXBuildFile; fileRef = 715E712315E3061100E554B1 /* Van.m */; };
		715E712B15E3064A00E554B1 /* RTTabBarController.m in Sources */ = {isa = PBXBuildFile; fileRef = 715E712A15E3064A00E554B1 /* RTTabBarController.m */; };
		715E713215E3065F00E554B1 /* RTTableViewController.m in Sources */ = {isa = PBXBuildFile; fileRef = 715E712D15E3065F00E554B1 /* RTTableViewController.m */; };
		715E713315E3065F00E554B1 /* RTTeamRosterViewController.m in Sources */ = {isa = PBXBuildFile; fileRef = 715E712F15E3065F00E554B1 /* RTTeamRosterViewController.m */; };
		715E713415E3065F00E554B1 /* RTViewController.m in Sources */ = {isa = PBXBuildFile; fileRef = 715E713115E3065F00E554B1 /* RTViewController.m */; };
		715E713615E30E4E00E554B1 /* CoreData.framework in Frameworks */ = {isa = PBXBuildFile; fileRef = 715E713515E30E4E00E554B1 /* CoreData.framework */; };
		715E713915E3BD8700E554B1 /* RelayTionship.xcdatamodeld in Sources */ = {isa = PBXBuildFile; fileRef = 715E713715E3BD8700E554B1 /* RelayTionship.xcdatamodeld */; };
		715E713C15E3C02300E554B1 /* RTNavController.m in Sources */ = {isa = PBXBuildFile; fileRef = 715E713B15E3C02300E554B1 /* RTNavController.m */; };
		715E714215E3CE5700E554B1 /* RTRunnerViewController.m in Sources */ = {isa = PBXBuildFile; fileRef = 715E714115E3CE5700E554B1 /* RTRunnerViewController.m */; };
		715E714615E3EA0B00E554B1 /* RTLegsViewController.m in Sources */ = {isa = PBXBuildFile; fileRef = 715E714515E3EA0B00E554B1 /* RTLegsViewController.m */; };
		715E714A15E4363C00E554B1 /* RTLegDetailsViewController.m in Sources */ = {isa = PBXBuildFile; fileRef = 715E714915E4363C00E554B1 /* RTLegDetailsViewController.m */; };
		715E714D15E5846000E554B1 /* RTTimerViewController.m in Sources */ = {isa = PBXBuildFile; fileRef = 715E714C15E5845F00E554B1 /* RTTimerViewController.m */; };
		715E715315E59EFB00E554B1 /* _LegTime.m in Sources */ = {isa = PBXBuildFile; fileRef = 715E715015E59EFB00E554B1 /* _LegTime.m */; };
		715E715415E59EFB00E554B1 /* LegTime.m in Sources */ = {isa = PBXBuildFile; fileRef = 715E715215E59EFB00E554B1 /* LegTime.m */; };
		715E715715E6AD6C00E554B1 /* RTRunnerPassedViewController.m in Sources */ = {isa = PBXBuildFile; fileRef = 715E715615E6AD6C00E554B1 /* RTRunnerPassedViewController.m */; };
		715ED7F415E6E65900CF4C22 /* RTLegTimeDetailViewController.m in Sources */ = {isa = PBXBuildFile; fileRef = 715ED7F315E6E65900CF4C22 /* RTLegTimeDetailViewController.m */; };
		715ED7F715E6F56A00CF4C22 /* AddressBookUI.framework in Frameworks */ = {isa = PBXBuildFile; fileRef = 715ED7F615E6F56A00CF4C22 /* AddressBookUI.framework */; };
		715ED7F915E6F7EC00CF4C22 /* AddressBook.framework in Frameworks */ = {isa = PBXBuildFile; fileRef = 715ED7F815E6F7EC00CF4C22 /* AddressBook.framework */; };
		715ED7FB15E71EBC00CF4C22 /* icon-57.png in Resources */ = {isa = PBXBuildFile; fileRef = 715ED7FA15E71EBC00CF4C22 /* icon-57.png */; };
		715ED7FD15E71EC800CF4C22 /* icon-114.png in Resources */ = {isa = PBXBuildFile; fileRef = 715ED7FC15E71EC800CF4C22 /* icon-114.png */; };
		715ED80015E72EBD00CF4C22 /* tab-team.png in Resources */ = {isa = PBXBuildFile; fileRef = 715ED7FE15E72EBD00CF4C22 /* tab-team.png */; };
		715ED80115E72EBD00CF4C22 /* tab-team@2x.png in Resources */ = {isa = PBXBuildFile; fileRef = 715ED7FF15E72EBD00CF4C22 /* tab-team@2x.png */; };
		715ED80415E72FF000CF4C22 /* tab-legs.png in Resources */ = {isa = PBXBuildFile; fileRef = 715ED80215E72FF000CF4C22 /* tab-legs.png */; };
		715ED80515E72FF000CF4C22 /* tab-legs@2x.png in Resources */ = {isa = PBXBuildFile; fileRef = 715ED80315E72FF000CF4C22 /* tab-legs@2x.png */; };
		715ED80815E731A000CF4C22 /* tab-clock.png in Resources */ = {isa = PBXBuildFile; fileRef = 715ED80615E731A000CF4C22 /* tab-clock.png */; };
		715ED80915E731A000CF4C22 /* tab-clock@2x.png in Resources */ = {isa = PBXBuildFile; fileRef = 715ED80715E731A000CF4C22 /* tab-clock@2x.png */; };
		715ED80E15E7EC8600CF4C22 /* RTRaceTableViewController.m in Sources */ = {isa = PBXBuildFile; fileRef = 715ED80D15E7EC8600CF4C22 /* RTRaceTableViewController.m */; };
		715ED81315E7EFBE00CF4C22 /* _Race.m in Sources */ = {isa = PBXBuildFile; fileRef = 715ED81015E7EFBE00CF4C22 /* _Race.m */; };
		715ED81415E7EFBE00CF4C22 /* Race.m in Sources */ = {isa = PBXBuildFile; fileRef = 715ED81215E7EFBE00CF4C22 /* Race.m */; };
		715ED81615E7F73C00CF4C22 /* MessageUI.framework in Frameworks */ = {isa = PBXBuildFile; fileRef = 715ED81515E7F73C00CF4C22 /* MessageUI.framework */; };
		715ED81915EDC63B00CF4C22 /* RTLegTableCell.m in Sources */ = {isa = PBXBuildFile; fileRef = 715ED81815EDC63B00CF4C22 /* RTLegTableCell.m */; };
		715ED81C15EE598200CF4C22 /* RTPacePicker.m in Sources */ = {isa = PBXBuildFile; fileRef = 715ED81B15EE598100CF4C22 /* RTPacePicker.m */; };
/* End PBXBuildFile section */

/* Begin PBXFileReference section */
		713F45FB15F2445E00D583D1 /* RTUtil.h */ = {isa = PBXFileReference; fileEncoding = 4; lastKnownFileType = sourcecode.c.h; path = RTUtil.h; sourceTree = "<group>"; };
		713F45FC15F2445E00D583D1 /* RTUtil.m */ = {isa = PBXFileReference; fileEncoding = 4; lastKnownFileType = sourcecode.c.objc; path = RTUtil.m; sourceTree = "<group>"; };
		713F45FF15F3171D00D583D1 /* RTDurationPicker.h */ = {isa = PBXFileReference; fileEncoding = 4; lastKnownFileType = sourcecode.c.h; path = RTDurationPicker.h; sourceTree = "<group>"; };
		713F460015F3171D00D583D1 /* RTDurationPicker.m */ = {isa = PBXFileReference; fileEncoding = 4; lastKnownFileType = sourcecode.c.objc; path = RTDurationPicker.m; sourceTree = "<group>"; };
		715E70BA15E3033F00E554B1 /* RelayTionship.app */ = {isa = PBXFileReference; explicitFileType = wrapper.application; includeInIndex = 0; path = RelayTionship.app; sourceTree = BUILT_PRODUCTS_DIR; };
		715E70BE15E3033F00E554B1 /* UIKit.framework */ = {isa = PBXFileReference; lastKnownFileType = wrapper.framework; name = UIKit.framework; path = System/Library/Frameworks/UIKit.framework; sourceTree = SDKROOT; };
		715E70C015E3033F00E554B1 /* Foundation.framework */ = {isa = PBXFileReference; lastKnownFileType = wrapper.framework; name = Foundation.framework; path = System/Library/Frameworks/Foundation.framework; sourceTree = SDKROOT; };
		715E70C215E3033F00E554B1 /* CoreGraphics.framework */ = {isa = PBXFileReference; lastKnownFileType = wrapper.framework; name = CoreGraphics.framework; path = System/Library/Frameworks/CoreGraphics.framework; sourceTree = SDKROOT; };
		715E70C615E3034000E554B1 /* RelayTionship-Info.plist */ = {isa = PBXFileReference; lastKnownFileType = text.plist.xml; path = "RelayTionship-Info.plist"; sourceTree = "<group>"; };
		715E70C815E3034000E554B1 /* en */ = {isa = PBXFileReference; lastKnownFileType = text.plist.strings; name = en; path = en.lproj/InfoPlist.strings; sourceTree = "<group>"; };
		715E70CA15E3034000E554B1 /* main.m */ = {isa = PBXFileReference; lastKnownFileType = sourcecode.c.objc; path = main.m; sourceTree = "<group>"; };
		715E70CC15E3034000E554B1 /* RelayTionship-Prefix.pch */ = {isa = PBXFileReference; lastKnownFileType = sourcecode.c.h; path = "RelayTionship-Prefix.pch"; sourceTree = "<group>"; };
		715E70D115E3034000E554B1 /* en */ = {isa = PBXFileReference; lastKnownFileType = file.storyboard; name = en; path = en.lproj/MainStoryboard_iPhone.storyboard; sourceTree = "<group>"; };
		715E70D415E3034000E554B1 /* en */ = {isa = PBXFileReference; lastKnownFileType = file.storyboard; name = en; path = en.lproj/MainStoryboard_iPad.storyboard; sourceTree = "<group>"; };
		715E70D915E3034000E554B1 /* first.png */ = {isa = PBXFileReference; lastKnownFileType = image.png; path = first.png; sourceTree = "<group>"; };
		715E70DB15E3034000E554B1 /* first@2x.png */ = {isa = PBXFileReference; lastKnownFileType = image.png; path = "first@2x.png"; sourceTree = "<group>"; };
		715E70DD15E3034000E554B1 /* RTSecondViewController.h */ = {isa = PBXFileReference; lastKnownFileType = sourcecode.c.h; path = RTSecondViewController.h; sourceTree = "<group>"; };
		715E70DE15E3034000E554B1 /* RTSecondViewController.m */ = {isa = PBXFileReference; lastKnownFileType = sourcecode.c.objc; path = RTSecondViewController.m; sourceTree = "<group>"; };
		715E70E015E3034000E554B1 /* second.png */ = {isa = PBXFileReference; lastKnownFileType = image.png; path = second.png; sourceTree = "<group>"; };
		715E70E215E3034000E554B1 /* second@2x.png */ = {isa = PBXFileReference; lastKnownFileType = image.png; path = "second@2x.png"; sourceTree = "<group>"; };
		715E70FE15E3041100E554B1 /* RTCoreDataAgent.h */ = {isa = PBXFileReference; fileEncoding = 4; lastKnownFileType = sourcecode.c.h; name = RTCoreDataAgent.h; path = RelayTionship/RTCoreDataAgent.h; sourceTree = "<group>"; };
		715E70FF15E3041100E554B1 /* RTCoreDataAgent.m */ = {isa = PBXFileReference; fileEncoding = 4; lastKnownFileType = sourcecode.c.objc; name = RTCoreDataAgent.m; path = RelayTionship/RTCoreDataAgent.m; sourceTree = "<group>"; };
		715E710A15E304DF00E554B1 /* RTAppDelegate.h */ = {isa = PBXFileReference; fileEncoding = 4; lastKnownFileType = sourcecode.c.h; path = RTAppDelegate.h; sourceTree = "<group>"; };
		715E710B15E304DF00E554B1 /* RTAppDelegate.m */ = {isa = PBXFileReference; fileEncoding = 4; lastKnownFileType = sourcecode.c.objc; path = RTAppDelegate.m; sourceTree = "<group>"; };
		715E710D15E3052B00E554B1 /* TKECoreDataAgent.h */ = {isa = PBXFileReference; fileEncoding = 4; lastKnownFileType = sourcecode.c.h; name = TKECoreDataAgent.h; path = RelayTionship/TKECoreDataAgent.h; sourceTree = "<group>"; };
		715E710E15E3052B00E554B1 /* TKECoreDataAgent.m */ = {isa = PBXFileReference; fileEncoding = 4; lastKnownFileType = sourcecode.c.objc; name = TKECoreDataAgent.m; path = RelayTionship/TKECoreDataAgent.m; sourceTree = "<group>"; };
		715E711015E305B900E554B1 /* _AppSettings.h */ = {isa = PBXFileReference; fileEncoding = 4; lastKnownFileType = sourcecode.c.h; name = _AppSettings.h; path = RelayTionship/_AppSettings.h; sourceTree = "<group>"; };
		715E711115E305B900E554B1 /* _AppSettings.m */ = {isa = PBXFileReference; fileEncoding = 4; lastKnownFileType = sourcecode.c.objc; name = _AppSettings.m; path = RelayTionship/_AppSettings.m; sourceTree = "<group>"; };
		715E711215E305B900E554B1 /* _Leg.h */ = {isa = PBXFileReference; fileEncoding = 4; lastKnownFileType = sourcecode.c.h; name = _Leg.h; path = RelayTionship/_Leg.h; sourceTree = "<group>"; };
		715E711315E305B900E554B1 /* _Leg.m */ = {isa = PBXFileReference; fileEncoding = 4; lastKnownFileType = sourcecode.c.objc; name = _Leg.m; path = RelayTionship/_Leg.m; sourceTree = "<group>"; };
		715E711415E305B900E554B1 /* _Runner.h */ = {isa = PBXFileReference; fileEncoding = 4; lastKnownFileType = sourcecode.c.h; name = _Runner.h; path = RelayTionship/_Runner.h; sourceTree = "<group>"; };
		715E711515E305B900E554B1 /* _Runner.m */ = {isa = PBXFileReference; fileEncoding = 4; lastKnownFileType = sourcecode.c.objc; name = _Runner.m; path = RelayTionship/_Runner.m; sourceTree = "<group>"; };
		715E711615E305B900E554B1 /* _Van.h */ = {isa = PBXFileReference; fileEncoding = 4; lastKnownFileType = sourcecode.c.h; name = _Van.h; path = RelayTionship/_Van.h; sourceTree = "<group>"; };
		715E711715E305B900E554B1 /* _Van.m */ = {isa = PBXFileReference; fileEncoding = 4; lastKnownFileType = sourcecode.c.objc; name = _Van.m; path = RelayTionship/_Van.m; sourceTree = "<group>"; };
		715E711C15E3061100E554B1 /* AppSettings.h */ = {isa = PBXFileReference; fileEncoding = 4; lastKnownFileType = sourcecode.c.h; name = AppSettings.h; path = RelayTionship/AppSettings.h; sourceTree = "<group>"; };
		715E711D15E3061100E554B1 /* AppSettings.m */ = {isa = PBXFileReference; fileEncoding = 4; lastKnownFileType = sourcecode.c.objc; name = AppSettings.m; path = RelayTionship/AppSettings.m; sourceTree = "<group>"; };
		715E711E15E3061100E554B1 /* Leg.h */ = {isa = PBXFileReference; fileEncoding = 4; lastKnownFileType = sourcecode.c.h; name = Leg.h; path = RelayTionship/Leg.h; sourceTree = "<group>"; };
		715E711F15E3061100E554B1 /* Leg.m */ = {isa = PBXFileReference; fileEncoding = 4; lastKnownFileType = sourcecode.c.objc; name = Leg.m; path = RelayTionship/Leg.m; sourceTree = "<group>"; };
		715E712015E3061100E554B1 /* Runner.h */ = {isa = PBXFileReference; fileEncoding = 4; lastKnownFileType = sourcecode.c.h; name = Runner.h; path = RelayTionship/Runner.h; sourceTree = "<group>"; };
		715E712115E3061100E554B1 /* Runner.m */ = {isa = PBXFileReference; fileEncoding = 4; lastKnownFileType = sourcecode.c.objc; name = Runner.m; path = RelayTionship/Runner.m; sourceTree = "<group>"; };
		715E712215E3061100E554B1 /* Van.h */ = {isa = PBXFileReference; fileEncoding = 4; lastKnownFileType = sourcecode.c.h; name = Van.h; path = RelayTionship/Van.h; sourceTree = "<group>"; };
		715E712315E3061100E554B1 /* Van.m */ = {isa = PBXFileReference; fileEncoding = 4; lastKnownFileType = sourcecode.c.objc; name = Van.m; path = RelayTionship/Van.m; sourceTree = "<group>"; };
		715E712915E3064A00E554B1 /* RTTabBarController.h */ = {isa = PBXFileReference; fileEncoding = 4; lastKnownFileType = sourcecode.c.h; path = RTTabBarController.h; sourceTree = "<group>"; };
		715E712A15E3064A00E554B1 /* RTTabBarController.m */ = {isa = PBXFileReference; fileEncoding = 4; lastKnownFileType = sourcecode.c.objc; path = RTTabBarController.m; sourceTree = "<group>"; };
		715E712C15E3065E00E554B1 /* RTTableViewController.h */ = {isa = PBXFileReference; fileEncoding = 4; lastKnownFileType = sourcecode.c.h; path = RTTableViewController.h; sourceTree = "<group>"; };
		715E712D15E3065F00E554B1 /* RTTableViewController.m */ = {isa = PBXFileReference; fileEncoding = 4; lastKnownFileType = sourcecode.c.objc; path = RTTableViewController.m; sourceTree = "<group>"; };
		715E712E15E3065F00E554B1 /* RTTeamRosterViewController.h */ = {isa = PBXFileReference; fileEncoding = 4; lastKnownFileType = sourcecode.c.h; path = RTTeamRosterViewController.h; sourceTree = "<group>"; };
		715E712F15E3065F00E554B1 /* RTTeamRosterViewController.m */ = {isa = PBXFileReference; fileEncoding = 4; lastKnownFileType = sourcecode.c.objc; path = RTTeamRosterViewController.m; sourceTree = "<group>"; };
		715E713015E3065F00E554B1 /* RTViewController.h */ = {isa = PBXFileReference; fileEncoding = 4; lastKnownFileType = sourcecode.c.h; path = RTViewController.h; sourceTree = "<group>"; };
		715E713115E3065F00E554B1 /* RTViewController.m */ = {isa = PBXFileReference; fileEncoding = 4; lastKnownFileType = sourcecode.c.objc; path = RTViewController.m; sourceTree = "<group>"; };
		715E713515E30E4E00E554B1 /* CoreData.framework */ = {isa = PBXFileReference; lastKnownFileType = wrapper.framework; name = CoreData.framework; path = System/Library/Frameworks/CoreData.framework; sourceTree = SDKROOT; };
		715E713815E3BD8700E554B1 /* RelayTionship.xcdatamodel */ = {isa = PBXFileReference; lastKnownFileType = wrapper.xcdatamodel; path = RelayTionship.xcdatamodel; sourceTree = "<group>"; };
		715E713A15E3C02300E554B1 /* RTNavController.h */ = {isa = PBXFileReference; fileEncoding = 4; lastKnownFileType = sourcecode.c.h; path = RTNavController.h; sourceTree = "<group>"; };
		715E713B15E3C02300E554B1 /* RTNavController.m */ = {isa = PBXFileReference; fileEncoding = 4; lastKnownFileType = sourcecode.c.objc; path = RTNavController.m; sourceTree = "<group>"; };
		715E714015E3CE5700E554B1 /* RTRunnerViewController.h */ = {isa = PBXFileReference; fileEncoding = 4; lastKnownFileType = sourcecode.c.h; path = RTRunnerViewController.h; sourceTree = "<group>"; };
		715E714115E3CE5700E554B1 /* RTRunnerViewController.m */ = {isa = PBXFileReference; fileEncoding = 4; lastKnownFileType = sourcecode.c.objc; path = RTRunnerViewController.m; sourceTree = "<group>"; };
		715E714415E3EA0B00E554B1 /* RTLegsViewController.h */ = {isa = PBXFileReference; fileEncoding = 4; lastKnownFileType = sourcecode.c.h; path = RTLegsViewController.h; sourceTree = "<group>"; };
		715E714515E3EA0B00E554B1 /* RTLegsViewController.m */ = {isa = PBXFileReference; fileEncoding = 4; lastKnownFileType = sourcecode.c.objc; path = RTLegsViewController.m; sourceTree = "<group>"; };
		715E714815E4363C00E554B1 /* RTLegDetailsViewController.h */ = {isa = PBXFileReference; fileEncoding = 4; lastKnownFileType = sourcecode.c.h; path = RTLegDetailsViewController.h; sourceTree = "<group>"; };
		715E714915E4363C00E554B1 /* RTLegDetailsViewController.m */ = {isa = PBXFileReference; fileEncoding = 4; lastKnownFileType = sourcecode.c.objc; path = RTLegDetailsViewController.m; sourceTree = "<group>"; };
		715E714B15E5845F00E554B1 /* RTTimerViewController.h */ = {isa = PBXFileReference; fileEncoding = 4; lastKnownFileType = sourcecode.c.h; path = RTTimerViewController.h; sourceTree = "<group>"; };
		715E714C15E5845F00E554B1 /* RTTimerViewController.m */ = {isa = PBXFileReference; fileEncoding = 4; lastKnownFileType = sourcecode.c.objc; path = RTTimerViewController.m; sourceTree = "<group>"; };
		715E714F15E59EFB00E554B1 /* _LegTime.h */ = {isa = PBXFileReference; fileEncoding = 4; lastKnownFileType = sourcecode.c.h; name = _LegTime.h; path = RelayTionship/_LegTime.h; sourceTree = "<group>"; };
		715E715015E59EFB00E554B1 /* _LegTime.m */ = {isa = PBXFileReference; fileEncoding = 4; lastKnownFileType = sourcecode.c.objc; name = _LegTime.m; path = RelayTionship/_LegTime.m; sourceTree = "<group>"; };
		715E715115E59EFB00E554B1 /* LegTime.h */ = {isa = PBXFileReference; fileEncoding = 4; lastKnownFileType = sourcecode.c.h; name = LegTime.h; path = RelayTionship/LegTime.h; sourceTree = "<group>"; };
		715E715215E59EFB00E554B1 /* LegTime.m */ = {isa = PBXFileReference; fileEncoding = 4; lastKnownFileType = sourcecode.c.objc; name = LegTime.m; path = RelayTionship/LegTime.m; sourceTree = "<group>"; };
		715E715515E6AD6B00E554B1 /* RTRunnerPassedViewController.h */ = {isa = PBXFileReference; fileEncoding = 4; lastKnownFileType = sourcecode.c.h; path = RTRunnerPassedViewController.h; sourceTree = "<group>"; };
		715E715615E6AD6C00E554B1 /* RTRunnerPassedViewController.m */ = {isa = PBXFileReference; fileEncoding = 4; lastKnownFileType = sourcecode.c.objc; path = RTRunnerPassedViewController.m; sourceTree = "<group>"; };
		715ED7F215E6E65900CF4C22 /* RTLegTimeDetailViewController.h */ = {isa = PBXFileReference; fileEncoding = 4; lastKnownFileType = sourcecode.c.h; path = RTLegTimeDetailViewController.h; sourceTree = "<group>"; };
		715ED7F315E6E65900CF4C22 /* RTLegTimeDetailViewController.m */ = {isa = PBXFileReference; fileEncoding = 4; lastKnownFileType = sourcecode.c.objc; path = RTLegTimeDetailViewController.m; sourceTree = "<group>"; };
		715ED7F615E6F56A00CF4C22 /* AddressBookUI.framework */ = {isa = PBXFileReference; lastKnownFileType = wrapper.framework; name = AddressBookUI.framework; path = System/Library/Frameworks/AddressBookUI.framework; sourceTree = SDKROOT; };
		715ED7F815E6F7EC00CF4C22 /* AddressBook.framework */ = {isa = PBXFileReference; lastKnownFileType = wrapper.framework; name = AddressBook.framework; path = System/Library/Frameworks/AddressBook.framework; sourceTree = SDKROOT; };
		715ED7FA15E71EBC00CF4C22 /* icon-57.png */ = {isa = PBXFileReference; lastKnownFileType = image.png; name = "icon-57.png"; path = "../icon-57.png"; sourceTree = "<group>"; };
		715ED7FC15E71EC800CF4C22 /* icon-114.png */ = {isa = PBXFileReference; lastKnownFileType = image.png; name = "icon-114.png"; path = "../icon-114.png"; sourceTree = "<group>"; };
		715ED7FE15E72EBD00CF4C22 /* tab-team.png */ = {isa = PBXFileReference; lastKnownFileType = image.png; name = "tab-team.png"; path = "icons/tab-team.png"; sourceTree = "<group>"; };
		715ED7FF15E72EBD00CF4C22 /* tab-team@2x.png */ = {isa = PBXFileReference; lastKnownFileType = image.png; name = "tab-team@2x.png"; path = "icons/tab-team@2x.png"; sourceTree = "<group>"; };
		715ED80215E72FF000CF4C22 /* tab-legs.png */ = {isa = PBXFileReference; lastKnownFileType = image.png; name = "tab-legs.png"; path = "icons/tab-legs.png"; sourceTree = "<group>"; };
		715ED80315E72FF000CF4C22 /* tab-legs@2x.png */ = {isa = PBXFileReference; lastKnownFileType = image.png; name = "tab-legs@2x.png"; path = "icons/tab-legs@2x.png"; sourceTree = "<group>"; };
		715ED80615E731A000CF4C22 /* tab-clock.png */ = {isa = PBXFileReference; lastKnownFileType = image.png; path = "tab-clock.png"; sourceTree = "<group>"; };
		715ED80715E731A000CF4C22 /* tab-clock@2x.png */ = {isa = PBXFileReference; lastKnownFileType = image.png; path = "tab-clock@2x.png"; sourceTree = "<group>"; };
		715ED80A15E7549300CF4C22 /* notes.txt */ = {isa = PBXFileReference; lastKnownFileType = text; path = notes.txt; sourceTree = "<group>"; };
		715ED80C15E7EC8600CF4C22 /* RTRaceTableViewController.h */ = {isa = PBXFileReference; fileEncoding = 4; lastKnownFileType = sourcecode.c.h; path = RTRaceTableViewController.h; sourceTree = "<group>"; };
		715ED80D15E7EC8600CF4C22 /* RTRaceTableViewController.m */ = {isa = PBXFileReference; fileEncoding = 4; lastKnownFileType = sourcecode.c.objc; path = RTRaceTableViewController.m; sourceTree = "<group>"; };
		715ED80F15E7EFBE00CF4C22 /* _Race.h */ = {isa = PBXFileReference; fileEncoding = 4; lastKnownFileType = sourcecode.c.h; name = _Race.h; path = RelayTionship/_Race.h; sourceTree = "<group>"; };
		715ED81015E7EFBE00CF4C22 /* _Race.m */ = {isa = PBXFileReference; fileEncoding = 4; lastKnownFileType = sourcecode.c.objc; name = _Race.m; path = RelayTionship/_Race.m; sourceTree = "<group>"; };
		715ED81115E7EFBE00CF4C22 /* Race.h */ = {isa = PBXFileReference; fileEncoding = 4; lastKnownFileType = sourcecode.c.h; name = Race.h; path = RelayTionship/Race.h; sourceTree = "<group>"; };
		715ED81215E7EFBE00CF4C22 /* Race.m */ = {isa = PBXFileReference; fileEncoding = 4; lastKnownFileType = sourcecode.c.objc; name = Race.m; path = RelayTionship/Race.m; sourceTree = "<group>"; };
		715ED81515E7F73C00CF4C22 /* MessageUI.framework */ = {isa = PBXFileReference; lastKnownFileType = wrapper.framework; name = MessageUI.framework; path = System/Library/Frameworks/MessageUI.framework; sourceTree = SDKROOT; };
		715ED81715EDC63B00CF4C22 /* RTLegTableCell.h */ = {isa = PBXFileReference; fileEncoding = 4; lastKnownFileType = sourcecode.c.h; path = RTLegTableCell.h; sourceTree = "<group>"; };
		715ED81815EDC63B00CF4C22 /* RTLegTableCell.m */ = {isa = PBXFileReference; fileEncoding = 4; lastKnownFileType = sourcecode.c.objc; path = RTLegTableCell.m; sourceTree = "<group>"; };
		715ED81A15EE598100CF4C22 /* RTPacePicker.h */ = {isa = PBXFileReference; fileEncoding = 4; lastKnownFileType = sourcecode.c.h; path = RTPacePicker.h; sourceTree = "<group>"; };
		715ED81B15EE598100CF4C22 /* RTPacePicker.m */ = {isa = PBXFileReference; fileEncoding = 4; lastKnownFileType = sourcecode.c.objc; path = RTPacePicker.m; sourceTree = "<group>"; };
/* End PBXFileReference section */

/* Begin PBXFrameworksBuildPhase section */
		715E70B715E3033F00E554B1 /* Frameworks */ = {
			isa = PBXFrameworksBuildPhase;
			buildActionMask = 2147483647;
			files = (
				715ED81615E7F73C00CF4C22 /* MessageUI.framework in Frameworks */,
				715ED7F915E6F7EC00CF4C22 /* AddressBook.framework in Frameworks */,
				715ED7F715E6F56A00CF4C22 /* AddressBookUI.framework in Frameworks */,
				715E713615E30E4E00E554B1 /* CoreData.framework in Frameworks */,
				715E70BF15E3033F00E554B1 /* UIKit.framework in Frameworks */,
				715E70C115E3033F00E554B1 /* Foundation.framework in Frameworks */,
				715E70C315E3033F00E554B1 /* CoreGraphics.framework in Frameworks */,
			);
			runOnlyForDeploymentPostprocessing = 0;
		};
/* End PBXFrameworksBuildPhase section */

/* Begin PBXGroup section */
		715E70AF15E3033F00E554B1 = {
			isa = PBXGroup;
			children = (
				715E70EA15E3035E00E554B1 /* TKE-iOS */,
				715E70E915E3035800E554B1 /* Model */,
				715E70C415E3034000E554B1 /* RelayTionship */,
				715E70BD15E3033F00E554B1 /* Frameworks */,
				715E70BB15E3033F00E554B1 /* Products */,
			);
			sourceTree = "<group>";
		};
		715E70BB15E3033F00E554B1 /* Products */ = {
			isa = PBXGroup;
			children = (
				715E70BA15E3033F00E554B1 /* RelayTionship.app */,
			);
			name = Products;
			sourceTree = "<group>";
		};
		715E70BD15E3033F00E554B1 /* Frameworks */ = {
			isa = PBXGroup;
			children = (
				715E70BE15E3033F00E554B1 /* UIKit.framework */,
				715E70C015E3033F00E554B1 /* Foundation.framework */,
				715ED7F815E6F7EC00CF4C22 /* AddressBook.framework */,
				715ED7F615E6F56A00CF4C22 /* AddressBookUI.framework */,
				715E70C215E3033F00E554B1 /* CoreGraphics.framework */,
				715E713515E30E4E00E554B1 /* CoreData.framework */,
				715ED81515E7F73C00CF4C22 /* MessageUI.framework */,
			);
			name = Frameworks;
			sourceTree = "<group>";
		};
		715E70C415E3034000E554B1 /* RelayTionship */ = {
			isa = PBXGroup;
			children = (
				715E710A15E304DF00E554B1 /* RTAppDelegate.h */,
				715E710B15E304DF00E554B1 /* RTAppDelegate.m */,
				713F45FB15F2445E00D583D1 /* RTUtil.h */,
				713F45FC15F2445E00D583D1 /* RTUtil.m */,
				715E70EB15E3036600E554B1 /* Base Classes */,
				715E70D015E3034000E554B1 /* MainStoryboard_iPhone.storyboard */,
				715E70D315E3034000E554B1 /* MainStoryboard_iPad.storyboard */,
				715E712915E3064A00E554B1 /* RTTabBarController.h */,
				715E712A15E3064A00E554B1 /* RTTabBarController.m */,
				715E714315E3E9E700E554B1 /* Team Roster Tab */,
				715E714715E3EA1200E554B1 /* Legs Tab */,
				715E714E15E5846600E554B1 /* Timer Tab */,
				715ED80B15E7EC6600CF4C22 /* Race Tab */,
				715ED81A15EE598100CF4C22 /* RTPacePicker.h */,
				715ED81B15EE598100CF4C22 /* RTPacePicker.m */,
				713F45FF15F3171D00D583D1 /* RTDurationPicker.h */,
				713F460015F3171D00D583D1 /* RTDurationPicker.m */,
				715E70DD15E3034000E554B1 /* RTSecondViewController.h */,
				715E70DE15E3034000E554B1 /* RTSecondViewController.m */,
				715E70C515E3034000E554B1 /* Supporting Files */,
				715ED80A15E7549300CF4C22 /* notes.txt */,
			);
			path = RelayTionship;
			sourceTree = "<group>";
		};
		715E70C515E3034000E554B1 /* Supporting Files */ = {
			isa = PBXGroup;
			children = (
				715ED7FA15E71EBC00CF4C22 /* icon-57.png */,
				715ED7FC15E71EC800CF4C22 /* icon-114.png */,
				715ED7FE15E72EBD00CF4C22 /* tab-team.png */,
				715ED7FF15E72EBD00CF4C22 /* tab-team@2x.png */,
				715ED80215E72FF000CF4C22 /* tab-legs.png */,
				715ED80315E72FF000CF4C22 /* tab-legs@2x.png */,
				715ED80615E731A000CF4C22 /* tab-clock.png */,
				715ED80715E731A000CF4C22 /* tab-clock@2x.png */,
				715E70D915E3034000E554B1 /* first.png */,
				715E70DB15E3034000E554B1 /* first@2x.png */,
				715E70E015E3034000E554B1 /* second.png */,
				715E70E215E3034000E554B1 /* second@2x.png */,
				715E70C615E3034000E554B1 /* RelayTionship-Info.plist */,
				715E70C715E3034000E554B1 /* InfoPlist.strings */,
				715E70CA15E3034000E554B1 /* main.m */,
				715E70CC15E3034000E554B1 /* RelayTionship-Prefix.pch */,
			);
			name = "Supporting Files";
			sourceTree = "<group>";
		};
		715E70E915E3035800E554B1 /* Model */ = {
			isa = PBXGroup;
			children = (
				715E713715E3BD8700E554B1 /* RelayTionship.xcdatamodeld */,
				715E70FE15E3041100E554B1 /* RTCoreDataAgent.h */,
				715E70FF15E3041100E554B1 /* RTCoreDataAgent.m */,
				715E712815E3062000E554B1 /* mogen */,
				715E711C15E3061100E554B1 /* AppSettings.h */,
				715E711D15E3061100E554B1 /* AppSettings.m */,
				715E711E15E3061100E554B1 /* Leg.h */,
				715E711F15E3061100E554B1 /* Leg.m */,
				715E715115E59EFB00E554B1 /* LegTime.h */,
				715E715215E59EFB00E554B1 /* LegTime.m */,
				715ED81115E7EFBE00CF4C22 /* Race.h */,
				715ED81215E7EFBE00CF4C22 /* Race.m */,
				715E712015E3061100E554B1 /* Runner.h */,
				715E712115E3061100E554B1 /* Runner.m */,
				715E712215E3061100E554B1 /* Van.h */,
				715E712315E3061100E554B1 /* Van.m */,
			);
			name = Model;
			sourceTree = "<group>";
		};
		715E70EA15E3035E00E554B1 /* TKE-iOS */ = {
			isa = PBXGroup;
			children = (
				715E710D15E3052B00E554B1 /* TKECoreDataAgent.h */,
				715E710E15E3052B00E554B1 /* TKECoreDataAgent.m */,
			);
			name = "TKE-iOS";
			sourceTree = "<group>";
		};
		715E70EB15E3036600E554B1 /* Base Classes */ = {
			isa = PBXGroup;
			children = (
				715E712C15E3065E00E554B1 /* RTTableViewController.h */,
				715E712D15E3065F00E554B1 /* RTTableViewController.m */,
				715E713015E3065F00E554B1 /* RTViewController.h */,
				715E713115E3065F00E554B1 /* RTViewController.m */,
				715E713A15E3C02300E554B1 /* RTNavController.h */,
				715E713B15E3C02300E554B1 /* RTNavController.m */,
			);
			name = "Base Classes";
			sourceTree = "<group>";
		};
		715E712815E3062000E554B1 /* mogen */ = {
			isa = PBXGroup;
			children = (
				715E711015E305B900E554B1 /* _AppSettings.h */,
				715E711115E305B900E554B1 /* _AppSettings.m */,
				715E711215E305B900E554B1 /* _Leg.h */,
				715E711315E305B900E554B1 /* _Leg.m */,
				715E714F15E59EFB00E554B1 /* _LegTime.h */,
				715E715015E59EFB00E554B1 /* _LegTime.m */,
				715ED80F15E7EFBE00CF4C22 /* _Race.h */,
				715ED81015E7EFBE00CF4C22 /* _Race.m */,
				715E711415E305B900E554B1 /* _Runner.h */,
				715E711515E305B900E554B1 /* _Runner.m */,
				715E711615E305B900E554B1 /* _Van.h */,
				715E711715E305B900E554B1 /* _Van.m */,
			);
			name = mogen;
			sourceTree = "<group>";
		};
		715E714315E3E9E700E554B1 /* Team Roster Tab */ = {
			isa = PBXGroup;
			children = (
				715E712E15E3065F00E554B1 /* RTTeamRosterViewController.h */,
				715E712F15E3065F00E554B1 /* RTTeamRosterViewController.m */,
				715E714015E3CE5700E554B1 /* RTRunnerViewController.h */,
				715E714115E3CE5700E554B1 /* RTRunnerViewController.m */,
			);
			name = "Team Roster Tab";
			sourceTree = "<group>";
		};
		715E714715E3EA1200E554B1 /* Legs Tab */ = {
			isa = PBXGroup;
			children = (
				715E714415E3EA0B00E554B1 /* RTLegsViewController.h */,
				715E714515E3EA0B00E554B1 /* RTLegsViewController.m */,
				715E714815E4363C00E554B1 /* RTLegDetailsViewController.h */,
				715E714915E4363C00E554B1 /* RTLegDetailsViewController.m */,
				715ED81715EDC63B00CF4C22 /* RTLegTableCell.h */,
				715ED81815EDC63B00CF4C22 /* RTLegTableCell.m */,
			);
			name = "Legs Tab";
			sourceTree = "<group>";
		};
		715E714E15E5846600E554B1 /* Timer Tab */ = {
			isa = PBXGroup;
			children = (
				715E714B15E5845F00E554B1 /* RTTimerViewController.h */,
				715E714C15E5845F00E554B1 /* RTTimerViewController.m */,
				715E715515E6AD6B00E554B1 /* RTRunnerPassedViewController.h */,
				715E715615E6AD6C00E554B1 /* RTRunnerPassedViewController.m */,
				715ED7F215E6E65900CF4C22 /* RTLegTimeDetailViewController.h */,
				715ED7F315E6E65900CF4C22 /* RTLegTimeDetailViewController.m */,
			);
			name = "Timer Tab";
			sourceTree = "<group>";
		};
		715ED80B15E7EC6600CF4C22 /* Race Tab */ = {
			isa = PBXGroup;
			children = (
				715ED80C15E7EC8600CF4C22 /* RTRaceTableViewController.h */,
				715ED80D15E7EC8600CF4C22 /* RTRaceTableViewController.m */,
			);
			name = "Race Tab";
			sourceTree = "<group>";
		};
/* End PBXGroup section */

/* Begin PBXNativeTarget section */
		715E70B915E3033F00E554B1 /* RelayTionship */ = {
			isa = PBXNativeTarget;
			buildConfigurationList = 715E70E615E3034000E554B1 /* Build configuration list for PBXNativeTarget "RelayTionship" */;
			buildPhases = (
				715E70B615E3033F00E554B1 /* Sources */,
				715E70B715E3033F00E554B1 /* Frameworks */,
				715E70B815E3033F00E554B1 /* Resources */,
			);
			buildRules = (
			);
			dependencies = (
			);
			name = RelayTionship;
			productName = RelayTionship;
			productReference = 715E70BA15E3033F00E554B1 /* RelayTionship.app */;
			productType = "com.apple.product-type.application";
		};
/* End PBXNativeTarget section */

/* Begin PBXProject section */
		715E70B115E3033F00E554B1 /* Project object */ = {
			isa = PBXProject;
			attributes = {
				CLASSPREFIX = RT;
				LastUpgradeCheck = 0440;
				ORGANIZATIONNAME = "Dru Kepple";
			};
			buildConfigurationList = 715E70B415E3033F00E554B1 /* Build configuration list for PBXProject "RelayTionship" */;
			compatibilityVersion = "Xcode 3.2";
			developmentRegion = English;
			hasScannedForEncodings = 0;
			knownRegions = (
				en,
			);
			mainGroup = 715E70AF15E3033F00E554B1;
			productRefGroup = 715E70BB15E3033F00E554B1 /* Products */;
			projectDirPath = "";
			projectRoot = "";
			targets = (
				715E70B915E3033F00E554B1 /* RelayTionship */,
			);
		};
/* End PBXProject section */

/* Begin PBXResourcesBuildPhase section */
		715E70B815E3033F00E554B1 /* Resources */ = {
			isa = PBXResourcesBuildPhase;
			buildActionMask = 2147483647;
			files = (
				715E70C915E3034000E554B1 /* InfoPlist.strings in Resources */,
				715E70D215E3034000E554B1 /* MainStoryboard_iPhone.storyboard in Resources */,
				715E70D515E3034000E554B1 /* MainStoryboard_iPad.storyboard in Resources */,
				715E70DA15E3034000E554B1 /* first.png in Resources */,
				715E70DC15E3034000E554B1 /* first@2x.png in Resources */,
				715E70E115E3034000E554B1 /* second.png in Resources */,
				715E70E315E3034000E554B1 /* second@2x.png in Resources */,
				715ED7FB15E71EBC00CF4C22 /* icon-57.png in Resources */,
				715ED7FD15E71EC800CF4C22 /* icon-114.png in Resources */,
				715ED80015E72EBD00CF4C22 /* tab-team.png in Resources */,
				715ED80115E72EBD00CF4C22 /* tab-team@2x.png in Resources */,
				715ED80415E72FF000CF4C22 /* tab-legs.png in Resources */,
				715ED80515E72FF000CF4C22 /* tab-legs@2x.png in Resources */,
				715ED80815E731A000CF4C22 /* tab-clock.png in Resources */,
				715ED80915E731A000CF4C22 /* tab-clock@2x.png in Resources */,
			);
			runOnlyForDeploymentPostprocessing = 0;
		};
/* End PBXResourcesBuildPhase section */

/* Begin PBXSourcesBuildPhase section */
		715E70B615E3033F00E554B1 /* Sources */ = {
			isa = PBXSourcesBuildPhase;
			buildActionMask = 2147483647;
			files = (
				715E70CB15E3034000E554B1 /* main.m in Sources */,
				715E70DF15E3034000E554B1 /* RTSecondViewController.m in Sources */,
				715E710015E3041100E554B1 /* RTCoreDataAgent.m in Sources */,
				715E710C15E304DF00E554B1 /* RTAppDelegate.m in Sources */,
				715E710F15E3052B00E554B1 /* TKECoreDataAgent.m in Sources */,
				715E711815E305B900E554B1 /* _AppSettings.m in Sources */,
				715E711915E305B900E554B1 /* _Leg.m in Sources */,
				715E711A15E305B900E554B1 /* _Runner.m in Sources */,
				715E711B15E305B900E554B1 /* _Van.m in Sources */,
				715E712415E3061100E554B1 /* AppSettings.m in Sources */,
				715E712515E3061100E554B1 /* Leg.m in Sources */,
				715E712615E3061100E554B1 /* Runner.m in Sources */,
				715E712715E3061100E554B1 /* Van.m in Sources */,
				715E712B15E3064A00E554B1 /* RTTabBarController.m in Sources */,
				715E713215E3065F00E554B1 /* RTTableViewController.m in Sources */,
				715E713315E3065F00E554B1 /* RTTeamRosterViewController.m in Sources */,
				715E713415E3065F00E554B1 /* RTViewController.m in Sources */,
				715E713915E3BD8700E554B1 /* RelayTionship.xcdatamodeld in Sources */,
				715E713C15E3C02300E554B1 /* RTNavController.m in Sources */,
				715E714215E3CE5700E554B1 /* RTRunnerViewController.m in Sources */,
				715E714615E3EA0B00E554B1 /* RTLegsViewController.m in Sources */,
				715E714A15E4363C00E554B1 /* RTLegDetailsViewController.m in Sources */,
				715E714D15E5846000E554B1 /* RTTimerViewController.m in Sources */,
				715E715315E59EFB00E554B1 /* _LegTime.m in Sources */,
				715E715415E59EFB00E554B1 /* LegTime.m in Sources */,
				715E715715E6AD6C00E554B1 /* RTRunnerPassedViewController.m in Sources */,
				715ED7F415E6E65900CF4C22 /* RTLegTimeDetailViewController.m in Sources */,
				715ED80E15E7EC8600CF4C22 /* RTRaceTableViewController.m in Sources */,
				715ED81315E7EFBE00CF4C22 /* _Race.m in Sources */,
				715ED81415E7EFBE00CF4C22 /* Race.m in Sources */,
				715ED81915EDC63B00CF4C22 /* RTLegTableCell.m in Sources */,
				715ED81C15EE598200CF4C22 /* RTPacePicker.m in Sources */,
				713F45FD15F2445E00D583D1 /* RTUtil.m in Sources */,
				713F460115F3171D00D583D1 /* RTDurationPicker.m in Sources */,
			);
			runOnlyForDeploymentPostprocessing = 0;
		};
/* End PBXSourcesBuildPhase section */

/* Begin PBXVariantGroup section */
		715E70C715E3034000E554B1 /* InfoPlist.strings */ = {
			isa = PBXVariantGroup;
			children = (
				715E70C815E3034000E554B1 /* en */,
			);
			name = InfoPlist.strings;
			sourceTree = "<group>";
		};
		715E70D015E3034000E554B1 /* MainStoryboard_iPhone.storyboard */ = {
			isa = PBXVariantGroup;
			children = (
				715E70D115E3034000E554B1 /* en */,
			);
			name = MainStoryboard_iPhone.storyboard;
			sourceTree = "<group>";
		};
		715E70D315E3034000E554B1 /* MainStoryboard_iPad.storyboard */ = {
			isa = PBXVariantGroup;
			children = (
				715E70D415E3034000E554B1 /* en */,
			);
			name = MainStoryboard_iPad.storyboard;
			sourceTree = "<group>";
		};
/* End PBXVariantGroup section */

/* Begin XCBuildConfiguration section */
		715E70E415E3034000E554B1 /* Debug */ = {
			isa = XCBuildConfiguration;
			buildSettings = {
				ALWAYS_SEARCH_USER_PATHS = NO;
				ARCHS = "$(ARCHS_STANDARD_32_BIT)";
				CLANG_CXX_LANGUAGE_STANDARD = "gnu++0x";
				CLANG_ENABLE_OBJC_ARC = YES;
				CLANG_WARN__DUPLICATE_METHOD_MATCH = YES;
				"CODE_SIGN_IDENTITY[sdk=iphoneos*]" = "iPhone Developer";
				COPY_PHASE_STRIP = NO;
				GCC_C_LANGUAGE_STANDARD = gnu99;
				GCC_DYNAMIC_NO_PIC = NO;
				GCC_OPTIMIZATION_LEVEL = 0;
				GCC_PREPROCESSOR_DEFINITIONS = (
					"DEBUG=1",
					"$(inherited)",
				);
				GCC_SYMBOLS_PRIVATE_EXTERN = NO;
				GCC_VERSION = com.apple.compilers.llvm.clang.1_0;
				GCC_WARN_ABOUT_RETURN_TYPE = YES;
				GCC_WARN_UNINITIALIZED_AUTOS = YES;
				GCC_WARN_UNUSED_VARIABLE = YES;
				IPHONEOS_DEPLOYMENT_TARGET = 5.1;
				SDKROOT = iphoneos;
				TARGETED_DEVICE_FAMILY = "1,2";
			};
			name = Debug;
		};
		715E70E515E3034000E554B1 /* Release */ = {
			isa = XCBuildConfiguration;
			buildSettings = {
				ALWAYS_SEARCH_USER_PATHS = NO;
				ARCHS = "$(ARCHS_STANDARD_32_BIT)";
				CLANG_CXX_LANGUAGE_STANDARD = "gnu++0x";
				CLANG_ENABLE_OBJC_ARC = YES;
				CLANG_WARN__DUPLICATE_METHOD_MATCH = YES;
				"CODE_SIGN_IDENTITY[sdk=iphoneos*]" = "iPhone Developer";
				COPY_PHASE_STRIP = YES;
				GCC_C_LANGUAGE_STANDARD = gnu99;
				GCC_VERSION = com.apple.compilers.llvm.clang.1_0;
				GCC_WARN_ABOUT_RETURN_TYPE = YES;
				GCC_WARN_UNINITIALIZED_AUTOS = YES;
				GCC_WARN_UNUSED_VARIABLE = YES;
				IPHONEOS_DEPLOYMENT_TARGET = 5.1;
				OTHER_CFLAGS = "-DNS_BLOCK_ASSERTIONS=1";
				SDKROOT = iphoneos;
				TARGETED_DEVICE_FAMILY = "1,2";
				VALIDATE_PRODUCT = YES;
			};
			name = Release;
		};
		715E70E715E3034000E554B1 /* Debug */ = {
			isa = XCBuildConfiguration;
			buildSettings = {
				GCC_PRECOMPILE_PREFIX_HEADER = YES;
				GCC_PREFIX_HEADER = "RelayTionship/RelayTionship-Prefix.pch";
				INFOPLIST_FILE = "RelayTionship/RelayTionship-Info.plist";
				PRODUCT_NAME = "$(TARGET_NAME)";
				WRAPPER_EXTENSION = app;
			};
			name = Debug;
		};
		715E70E815E3034000E554B1 /* Release */ = {
			isa = XCBuildConfiguration;
			buildSettings = {
				GCC_PRECOMPILE_PREFIX_HEADER = YES;
				GCC_PREFIX_HEADER = "RelayTionship/RelayTionship-Prefix.pch";
				INFOPLIST_FILE = "RelayTionship/RelayTionship-Info.plist";
				PRODUCT_NAME = "$(TARGET_NAME)";
				WRAPPER_EXTENSION = app;
			};
			name = Release;
		};
/* End XCBuildConfiguration section */

/* Begin XCConfigurationList section */
		715E70B415E3033F00E554B1 /* Build configuration list for PBXProject "RelayTionship" */ = {
			isa = XCConfigurationList;
			buildConfigurations = (
				715E70E415E3034000E554B1 /* Debug */,
				715E70E515E3034000E554B1 /* Release */,
			);
			defaultConfigurationIsVisible = 0;
			defaultConfigurationName = Release;
		};
		715E70E615E3034000E554B1 /* Build configuration list for PBXNativeTarget "RelayTionship" */ = {
			isa = XCConfigurationList;
			buildConfigurations = (
				715E70E715E3034000E554B1 /* Debug */,
				715E70E815E3034000E554B1 /* Release */,
			);
			defaultConfigurationIsVisible = 0;
			defaultConfigurationName = Release;
		};
/* End XCConfigurationList section */

/* Begin XCVersionGroup section */
		715E713715E3BD8700E554B1 /* RelayTionship.xcdatamodeld */ = {
			isa = XCVersionGroup;
			children = (
				715E713815E3BD8700E554B1 /* RelayTionship.xcdatamodel */,
			);
			currentVersion = 715E713815E3BD8700E554B1 /* RelayTionship.xcdatamodel */;
			path = RelayTionship.xcdatamodeld;
			sourceTree = "<group>";
			versionGroupType = wrapper.xcdatamodel;
		};
/* End XCVersionGroup section */
	};
	rootObject = 715E70B115E3033F00E554B1 /* Project object */;
}
